{"name":"ultimate-web-stack","lockfileVersion":3,"requires":true,"packages":{"":{"name":"ultimate-web-stack","version":"0.0.0","dependencies":{"@azure/msal-browser":"^5.8.0","@azure/msal-react":"^5.3.1","@microsoft/applicationinsights-web":"^3.4.3","apexcharts":"^5.16.0","bootstrap":"^5.3.8","notyf":"^3.10.0","react":"^19.2.7","react-apexcharts":"^2.1.1","react-bootstrap":"^2.10.10","react-dom":"^19.2.7","react-router":"^8.3.0"},"devDependencies":{"@cypress/code-coverage":"^4.0.3","@eslint/js":"^10.0.1","@swc/core":"^1.15.32","@swc/jest":"^0.2.39","@testing-library/jest-dom":"^6.9.1","@testing-library/react":"^16.3.2","@types/react":"^19.2.14","@types/react-dom":"^19.2.3","@vitejs/plugin-react-swc":"^4.3.0","cross-env":"^10.1.0","cypress":"^15.14.1","cypress-wait-until":"^3.0.2","eslint":"^10.9.0","eslint-plugin-react-hooks":"^7.1.1","eslint-plugin-react-refresh":"^0.5.4","globals":"^17.5.0","identity-obj-proxy":"^3.0.0","istanbul-lib-coverage":"^3.2.2","jest":"^30.3.0","jest-environment-jsdom":"^30.3.0","jest-preview":"^0.3.3","nyc":"^18.0.0","start-server-and-test":"^3.0.2","vite":"^8.0.16","vite-plugin-istanbul":"^8.0.0"}},"node_modules/@adobe/css-tools":{"version":"4.4.4","resolved":"https://registry.npmjs.org/@adobe/css-tools/-/css-tools-4.4.4.tgz","integrity":"sha512-WHUvCpNp2IQApzbCYx2hhpzHU7QDVK1+Iw4cyOdQsz7XAwRZlpjWoaBKVc9ps3oelrU/MxPp10THl/4WzNhUnA==","dev":true,"license":"MIT","engines":{"node":">=10.0.0"}},"node_modules/@alloc/quick-lru":{"version":"5.2.0","resolved":"https://registry.npmjs.org/@alloc/quick-lru/-/quick-lru-5.2.0.tgz","integrity":"sha512-UrcDC+3mu7vuLYB8MEvgWJ7Yw27HMfvoUGcM2im7qb1xq5jvlyF+9Y56hwkHpBi9gBnwgP3K/mYVRk6PKl+0eA==","dev":true,"license":"MIT","engines":{"node":">=18.0.0"}},"node_modules/@asamuzakjp/css-color":{"version":"3.2.0","resolved":"https://registry.npmjs.org/@asamuzakjp/css-color/-/css-color-3.2.0.tgz","integrity":"sha512-91L5Ps0SDj+InLA8pxQOF/0YEqz6+PiZ+Af/eRjv03l/4h3h6z4u4ymYz7bbEH/A7l2oQNlOF/0YEqz6+PiZ+Af/eRjv03l/4h3h6z4u4ymYz7bbEH/A7l2oQNlOF/0YEqz6+PiZ+Af/eRjv03l/4h3h6z4u4ymYz7bbEH/A7l2oQNlOF/0YEqz6+PiZ+Af/eRjv03l/4h3h6z4u4ymYz7bbEH/A7l2oQNlOF/0YEqz6+PiZ+Af/eRjv03l/4h3h6z4u4ymYz7bbEH/A7l2oQNlOF/0YEqz6+PiZ+Af/eRjv03l/4h3h6z4u4ymYz7bbEH/A7l2oQNlOF/0YEqz6+PiZ+Af/eRjv03l/4h3h6z4u4ymYz7bbEH/A7l2oQNlOF/0YEqz6+PiZ+Af/eRjv03l/4h3h6z4u4ymYz7bbEH/A7l2oQNlOF/0YEqz6+PiZ+Af/eRjv03l/4h3h6z4u4ymYz7bbEH/A7l2oQNlOF/0YEqz6+PiZ+Af/eRjv03l/4h3h6z4u4ymYz7bbEH/A7l2oQNlOF/0YEqz6+PiZ+Af/eRjv03l/4h3h6z4u4ymYz7bbEH/A7l2oQNlOF/0YEqz6+PiZ+Af/eRjv03l/4h3h6z4u4ymYz7bbEH/A7l2oQNlOF/0YEqz6+PiZ+Af/eRjv03l/4h3h6z4u4ymYz7bbEH/A7l2oQNlOF/0YEqz6+PiZ+Af/eRjv03l/4h3h6z4u4ymYz7bbEH/A7l2oQNlOF/0YEqz6+PiZ+Af/eRjv03l/4h3h6z4u4ymYz7bbEH/A7l2oQNlOF/0YEqz6+PiZ+Af/eRjv03l/4h3h6z4u4ymYz7bbEH/A7l2oQNlOF/0YEqz6+PiZ+Af/eRjv03l/4h3h6z4u4ymYz7bbEH/A7l2oQNlOF/0YEqz6+PiZ+Af/eRjv03l/4h3h6z4u4ymYz7bbEH/A7l2oQNlOF/0YEqz6+PiZ+Af/eRjv03l/4h3h6z4u4ymYz7bbEH/A7l2oQNlOF/0YEqz6+PiZ+Af/eRjv03l/4h3h6z4u4ymYz7bbEH/A7l2oQNlOF/0YEqz6+PiZ+Af/eRjv03l/4h3h6z4u4ymYz7bbEH/A7l2oQNlOF/0YEqz6+PiZ+Af/eRjv03l/4h3h6z4u4ymYz7bbEH/A7l2oQNlOF/0YEqz6+PiZ+Af/eRjv03l/4h3h6z4u4ymYz7bbEH/A7l2oQNlOF/0YEqz6+PiZ+Af/eRjv03l/4h3h6z4u4ymYz7bbEH/A7l2oQNlOF/0YEqz6+PiZ+Af/eRjv03l/4h3h6z4u4ymYz7bbEH/A7l2oQNlOF/0YEqz6+PiZ+Af/eRjv03l/4h3h6z4u4ymYz7bbEH/A7l2oQNlOF/0YEqz6+PiZ+Af/eRjv03l/4h3h6z4u4ymYz7bbEH/A7l2oQNlOF/0YEqz6+PiZ+Af/eRjv03l/4h3h6z4u4ymYz7bbEH/A7l2oQNlOF/0YEqz6+PiZ+Af/eRjv03l/4h3h6z4u4ymYz7bbEH/A7l2oQNlOF/0YEqz6+PiZ+Af/eRjv03l/4h3h6z4u4ymYz7bbEH/A7l2oQNlOF/0YEqz6+PiZ+Af/eRjv03l/4h3h6z4u4ymYz7bbEH/A7l2oQNlOF/0YEqz6+PiZ+Af/eRjv03l/4h3h6z4u4ymYz7bbEH/A7l2oQNlOF/0YEqz6+PiZ+Af/eRjv03l/4h3h6z4u4ymYz7bbEH/A7l2oQNlOF/0YEqz6+PiZ+Af/eRjv03l/4h3h6z4u4ymYz7bbEH/A7l2oQNlOF/0YEqz6+PiZ+Af/eRjv03l/4h3h6z4u4ymYz7bbEH/A7l2oQNlOF/0YEqz6+PiZ+Af/eRjv03l/4h3h6z4u4ymYz7bbEH/A7l2oQNlOF/0YEqz6+PiZ+Af/eRjv03l/4h3h6z4u4ymYz7bbEH/A7l2oQNlOF/0YEqz6+PiZ+Af/eRjv03l/4h3h6z4u4ymYz7bbEH/A7l2oQNlOF/0YEqz6+PiZ+Af/eRjv03l/4h3h6z4u4ymYz7bbEH/A7l2oQNlOF/0YEqz6+PiZ+Af/eRjv03l/4h3h6z4u4ymYz7bbEH/A7l2oQNlOF/0YEqz6+PiZ+Af/eRjv03l/4h3h6z4u4ymYz7bbEH/A7l2oQNlOF/0YEqz6+PiZ+Af/eRjv03l/4h3h6z4u4ymYz7bbEH/A7l2oQNlOF/0YEqz6+PiZ+Af/eRjv03l/4h3h6z4u4ymYz7bbEH/A7l2oQNlOF/0YEqz6+PiZ+Af/eRjv03l/4h3h6z4u4ymYz7bbEH/A7l2oQNlOF/0YEqz6+PiZ+Af/eRjv03l/4h3h6z4u4ymYz7bbEH/A7l2oQNlOF/0YEqz6+PiZ+Af/eRjv03l/4h3h6z4u4ymYz7bbEH/A7l2oQNlOF/0YEqz6+PiZ+Af/eRjv03l/4h3h6z4u4ymYz7bbEH/A7l2oQNlOF/0YEqz6+PiZ+Af/eRjv03l/4h3h6z4u4ymYz7bbEH/A7l2oQNlOF/0YEqz6+PiZ+Af/eRjv03l/4h3h6z4u4ymYz7bbEH/A7l2oQNlOF/0YEqz6+PiZ+Af/eRjv03l/4h3h6z4u4ymYz7bbEH/A7l2oQNlOF/0YEqz6+PiZ+Af/eRjv03l/4h3h6z4u4ymYz7bbEH/A7l2oQNlOF/0YEqz6+PiZ+Af/eRjv03l/4h3h6z4u4ymYz7bbEH/A7l2oQNlOF/0YEqz6+PiZ+Af/eRjv03l/4h3h6z4u4ymYz7bbEH/A7l2oQNlOF/0YEqz6+PiZ+Af/eRjv03l/4h3h6z4u4ymYz7bbEH/A7l2oQNlOF/0YEqz6+PiZ+Af/eRjv03l/4h3h6z4u4ymYz7bbEH/A7l2oQNlOF/0YEqz6+PiZ+Af/eRjv03l/4h3h6z4u4ymYz7bbEH/A7l2oQNlOF/0YEqz6+PiZ+Af/eRjv03l/4h3h6z4u4ymYz7bbEH/A7l2oQNlOF/0YEqz6+PiZ+Af/eRjv03l/4h3h6z4u4ymYz7bbEH/A7l2oQNlOF/0YEqz6+PiZ+Af/eRjv03l/4h3h6z4u4ymYz7bbEH/A7l2oQNlOF/0YEqz6+PiZ+Af/eRjv03l/4h3h6z4u4ymYz7bbEH/A7l2oQNlOF/0YEqz6+PiZ+Af/eRjv03l/4h3h6z4u4ymYz7bbEH/A7l2oQNlOF/0YEqz6+PiZ+Af/eRjv03l/4h3h6z4u4ymYz7bbEH/A7l2oQNlOF/0YEqz6+PiZ+Af/eRjv03l/4h3h6z4u4ymYz7bbEH/A7l2oQNlOF/0YEqz6+PiZ+Af/eRjv03l/4h3h6z4u4ymYz7bbEH/A7l2oQNlOF/0YEqz6+PiZ+Af/eRjv03l/4h3h6z4u4ymYz7bbEH/A7l2oQNlOF/0YEqz6+PiZ+Af/eRjv03l/4h3h6z4u4ymYz7bbEH/A7l2oQNlOF/0YEqz6+PiZ+Af/eRjv03l/4h3h6z4u4ymYz7bbEH/A7l2oQNlOF/0YEqz6+PiZ+Af/eRjv03l/4h3h6z4u4ymYz7bbEH/A7l2oQNlOF/0YEqz6+PiZ+Af/eRjv03l/4h3h6z4u4ymYz7bbEH/A7l2oQNlOF/0YEqz6+PiZ+Af/eRjv03l/4h3h6z4u4ymYz7bbEH/A7l2oQNlOF/0YEqz6+PiZ+Af/eRjv03l/4h3h6z4u4ymYz7bbEH/A7l2oQNlOF/0YEqz6+PiZ+Af/eRjv03l/4h3h6z4u4ymYz7bbEH/A7l2oQNlOF/0YEqz6+PiZ+Af/eRjv03l/4h3h6z4u4ymYz7bbEH/A7l2oQNlOF/0YEqz6+PiZ+Af/eRjv03l/4h3h6z4u4ymYz7bbEH/A7l2oQNlOF/0YEqz6+PiZ+Af/eRjv03l/4h3h6z4u4ymYz7bbEH/A7l2oQNlOF/0YEqz6+PiZ+Af/eRjv03l/4h3h6z4u4ymYz7bbEH/A7l2oQNlOF/0YEqz6+PiZ+Af/eRjv03l/4h3h6z4u4ymYz7bbEH/A7l2oQNlOF/0YEqz6+PiZ+Af/eRjv03l/4h3h6z4u4ymYz7bbEH/A7l2oQNlOF/0YEqz6+PiZ+Af/eRjv03l/4h3h6z4u4ymYz7bbEH/A7l2oQNlOF/0YEqz6+PiZ+Af/eRjv03l/4h3h6z4u4ymYz7bbEH/A7l2oQNlOF/0YEqz6+PiZ+Af/eRjv03l/4h3h6z4u4ymYz7bbEH/A7l2oQNlOF/0YEqz6+PiZ+Af/eRjv03l/4h3h6z4u4ymYz7bbEH/A7l2oQNlOF/0YEqz6+PiZ+Af/eRjv03l/4h3h6z4u4ymYz7bbEH/A7l2oQNlOF/0YEqz6+PiZ+Af/eRjv03l/4h3h6z4u4ymYz7bbEH/A7l2oQNlOF/0YEqz6+PiZ+Af/eRjv03l/4h3h6z4u4ymYz7bbEH/A7l2oQNlOF/0YEqz6+PiZ+Af/eRjv03l/4h3h6z4u4ymYz7bbEH/A7l2oQNlOF/0YEqz6+PiZ+Af/eRjv03l/4h3h6z4u4ymYz7bbEH/A7l2oQNlOF/0YEqz6+PiZ+Af/eRjv03l/4h3h6z4u4ymYz7bbEH/A7l2oQNlOF/0YEqz6+PiZ+Af/eRjv03l/4h3h6z4u4ymYz7bbEH/A7l2oQNlOF/0YEqz6+PiZ+Af/eRjv03l/4h3h6z4u4ymYz7bbEH/A7l2oQNlOF/0YEqz6+PiZ+Af/eRjv03l/4h3h6z4u4ymYz7bbEH/A7l2oQNlOF/0YEqz6+PiZ+Af/eRjv03l/4h3h6z4u4ymYz7bbEH/A7l2oQNlOF/0YEqz6+PiZ+Af/eRjv03l/4h3h6z4u4ymYz7bbEH/A7l2oQNlOF/0YEqz6+PiZ+Af/eRjv03l/4h3h6z4u4ymYz7bbEH/A7l2oQNlOF/0YEqz6+PiZ+Af/eRjv03l/4h3h6z4u4ymYz7bbEH/A7l2oQNlOF/0YEqz6+PiZ+Af/eRjv03l/4h3h6z4u4ymYz7bbEH/A7l2oQNlOF/0YEqz6+PiZ+Af/eRjv03l/4h3h6z4u4ymYz7bbEH/A7l2oQNlOF/0YEqz6+PiZ+Af/eRjv03l/4h3h6z4u4ymYz7bbEH/A7l2oQNlOF/0YEqz6+PiZ+Af/eRjv03l/4h3h6z4u4ymYz7bbEH/A7l2oQNlOF/0YEqz6+PiZ+Af/eRjv03l/4h3h6z4u4ymYz7bbEH/A7l2oQNlOF/0YEqz6+PiZ+Af/eRjv03l/4h3h6z4u4ymYz7bbEH/A7l2oQNlOF/0YEqz6+PiZ+Af/eRjv03l/4h3h6z4u4ymYz7bbEH/A7l2oQNlOF/0YEqz6+PiZ+Af/eRjv03l/4h3h6z4u4ymYz7bbEH/A7l2oQNlOF/0YEqz6+PiZ+Af/eRjv03l/4h3h6z4u4ymYz7bbEH/A7l2oQNlOF/0YEqz6+PiZ+Af/eRjv03l/4h3h6z4u4ymYz7bbEH/A7l2oQNlOF/0YEqz6+PiZ+Af/eRjv03l/4h3h6z4u4ymYz7bbEH/A7l2oQNlOF/0YEqz6+PiZ+Af/eRjv03l/4h3h6z4u4ymYz7bbEH/A7l2oQNlOF/0YEqz6+PiZ+Af/eRjv03l/4h3h6z4u4ymYz7bbEH/A7l2oQNlOF/0YEqz6+PiZ+Af/eRjv03l/4h3h6z4u4ymYz7bbEH/A7l2oQNlOF/0YEqz6+PiZ+Af/eRjv03l/4h3h6z4u4ymYz7bbEH/A7l2oQNlOF/0YEqz6+PiZ+Af/eRjv03l/4h3h6z4u4ymYz7bbEH/A7l2oQNlOF/0YEqz6+PiZ+Af/eRjv03l/4h3h6z4u4ymYz7bbEH/A7l2oQNlOF/0YEqz6+PiZ+Af/eRjv03l/4h3h6z4u4ymYz7bbEH/A7l2oQNlOF/0YEqz6+PiZ+Af/eRjv03l/4h3h6z4u4ymYz7bbEH/A7l2oQNlOF/0YEqz6+PiZ+Af/eRjv03l/4h3h6z4u4ymYz7bbEH/A7l2oQNlOF/0YEqz6+PiZ+Af/eRjv03l/4h3h6z4u4ymYz7bbEH/A7l2oQNlOF/0YEqz6+PiZ+Af/eRjv03l/4h3h6z4u4ymYz7bbEH/A7l2oQNlOF/0YEqz6+PiZ+Af/eRjv03l/4h3h6z4u4ymYz7bbEH/A7l2oQNlOF/0YEqz6+PiZ+Af/eRjv03l/4h3h6z4u4ymYz7bbEH/A7l2oQNlOF/0YEqz6+PiZ+Af/eRjv03l/4h3h6z4u4ymYz7bbEH/A7l2oQNlOF/0YEqz6+PiZ+Af/eRjv03l/4h3h6z4u4ymYz7bbEH/A7l2oQNlOF/0YEqz6+PiZ+Af/eRjv03l/4h3h6z4u4ymYz7bbEH/A7l2oQNlOF/0YEqz6+PiZ+Af/eRjv03l/4h3h6z4u4ymYz7bbEH/A7l2oQNlOF/0YEqz6+PiZ+Af/eRjv03l/4h3h6z4u4ymYz7bbEH/A7l2oQNlOF/0YEqz6+PiZ+Af/eRjv03l/4h3h6z4u4ymYz7bbEH/A7l2oQNlOF/0YEqz6+PiZ+Af/eRjv03l/4h3h6z4u4ymYz7bbEH/A7l2oQNlOF/0YEqz6+PiZ+Af/eRjv03l/4h3h6z4u4ymYz7bbEH/A7l2oQNlOF/0YEqz6+PiZ+Af/eRjv03l/4h3h6z4u4ymYz7bbEH/A7l2oQNlOF/0YEqz6+PiZ+Af/eRjv03l/4h3h6z4u4ymYz7bbEH/A7l2oQNlOF/0YEqz6+PiZ+Af/eRjv03l/4h3h6z4u4ymYz7bbEH/A7l2oQNlOF/0YEqz6+PiZ+Af/eRjv03l/4h3h6z4u4ymYz7bbEH/A7l2oQNlOF/0YEqz6+PiZ+Af/eRjv03l/4h3h6z4u4ymYz7bbEH/A7l2oQNlOF/0YEqz6+PiZ+Af/eRjv03l/4h3h6z4u4ymYz7bbEH/A7l2oQNlOF/0YEqz6+PiZ+Af/eRjv03l/4h3h6z4u4ymYz7bbEH/A7l2oQNlOF/0YEqz6+PiZ+Af/eRjv03l/4h3h6z4u4ymYz7bbEH/A7l2oQNlOF/0YEqz6+PiZ+Af/eRjv03l/4h3h6z4u4ymYz7bbEH/A7l2oQNlOF/0YEqz6+PiZ+Af/eRjv03l/4h3h6z4u4ymYz7bbEH/A7l2oQNlOF/0YEqz6+PiZ+Af/eRjv03l/4h3h6z4u4ymYz7bbEH/A7l2oQNlOF/0YEqz6+PiZ+Af/eRjv03l/4h3h6z4u4ymYz7bbEH/A7l2oQNlOF/0YEqz6+PiZ+Af/eRjv03l/4h3h6z4u4ymYz7bbEH/A7l2oQNlOF/0YEqz6+PiZ+Af/eRjv03l/4h3h6z4u4ymYz7bbEH/A7l2oQNlOF/0YEqz6+PiZ+Af/eRjv03l/4h3h6z4u4ymYz7bbEH/A7l2oQNlOF/0YEqz6+PiZ+Af/eRjv03l/4h3h6z4u4ymYz7bbEH/A7l2oQNlOF/0YEqz6+PiZ+Af/eRjv03l/4h3h6z4u4ymYz7bbEH/A7l2oQNlOF/0YEqz6+PiZ+Af/eRjv03l/4h3h6z4u4ymYz7bbEH/A7l2oQNlOF/0YEqz6+PiZ+Af/eRjv03l/4h3h6z4u4ymYz7bbEH/A7l2oQNlOF/0YEqz6+PiZ+Af/eRjv03l/4h3h6z4u4ymYz7bbEH/A7l2oQNlOF/0YEqz6+PiZ+Af/eRjv03l/4h3h6z4u4ymYz7bbEH/A7l2oQNlOF/0YEqz6+PiZ+Af/eRjv03l/4h3h6z4u4ymYz7bbEH/A7l2oQNlOF/0YEqz6+PiZ+Af/eRjv03l/4h3h6z4u4ymYz7bbEH/A7l2oQNlOF/0YEqz6+PiZ+Af/eRjv03l/4h3h6z4u4ymYz7bbEH/A7l2oQNlOF/0YEqz6+PiZ+Af/eRjv03l/4h3h6z4u4ymYz7bbEH/A7l2oQNlOF/0YEqz6+PiZ+Af/eRjv03l/4h3h6z4u4ymYz7bbEH/A7l2oQNlOF/0YEqz6+PiZ+Af/eRjv03l/4h3h6z4u4ymYz7bbEH/A7l2oQNlOF/0YEqz6+PiZ+Af/eRjv03l/4h3h6z4u4ymYz7bbEH/A7l2oQNlOF/0YEqz6+PiZ+Af/eRjv03l/4h3h6z4u4ymYz7bbEH/A7l2oQNlOF/0YEqz6+PiZ+Af/eRjv03l/4h3h6z4u4ymYz7bbEH/A7l2oQNlOF/0YEqz6+PiZ+Af/eRjv03l/4h3h6z4u4ymYz7bbEH/A7l2oQNlOF/0YEqz6+PiZ+Af/eRjv03l/4h3h6z4u4ymYz7bbEH/A7l2oQNlOF/0YEqz6+PiZ+Af/eRjv03l/4h3h6z4u4ymYz7bbEH/A7l2oQNlOF/0YEqz6+PiZ+Af/eRjv03l/4h3h6z4u4ymYz7bbEH/A7l2oQNlOF/0YEqz6+PiZ+Af/eRjv03l/4h3h6z4u4ymYz7bbEH/A7l2oQNlOF/0YEqz6+PiZ+Af/eRjv03l/4h3h6z4u4ymYz7bbEH/A7l2oQNlOF/0YEqz6+PiZ+Af/eRjv03l/4h3h6z4u4ymYz7bbEH/A7l2oQNlOF/0YEqz6+PiZ+Af/eRjv03l/4h3h6z4u4ymYz7bbEH/A7l2oQNlOF/0YEqz6+PiZ+Af/eRjv03l/4h3h6z4u4ymYz7bbEH/A7l2oQNlOF/0YEqz6+PiZ+Af/eRjv03l/4h3h6z4u4ymYz7bbEH/A7l2oQNlOF/0YEqz6+PiZ+Af/eRjv03l/4h3h6z4u4ymYz7bbEH/A7l2oQNlOF/0YEqz6+PiZ+Af/eRjv03l/4h3h6z4u4ymYz7bbEH/A7l2oQNlOF/0YEqz6+PiZ+Af/eRjv03l/4h3h6z4u4ymYz7bbEH/A7l2oQNlOF/0YEqz6+PiZ+Af/eRjv03l/4h3h6z4u4ymYz7bbEH/A7l2oQNlOF/0YEqz6+PiZ+Af/eRjv03l/4h3h6z4u4ymYz7bbEH/A7l2oQNlOF/0YEqz6+PiZ+Af/eRjv03l/4h3h6z4u4ymYz7bbEH/A7l2oQNlOF/0YEqz6+PiZ+Af/eRjv03l/4h3h6z4u4ymYz7bbEH/A7l2oQNlOF/0YEqz6+PiZ+Af/eRjv03l/4h3h6z4u4ymYz7bbEH/A7l2oQNlOF/0YEqz6+PiZ+Af/eRjv03l/4h3h6z4u4ymYz7bbEH/A7l2oQNlOF/0YEqz6+PiZ+Af/eRjv03l/4h3h6z4u4ymYz7bbEH/A7l2oQNlOF/0YEqz6+PiZ+Af/eRjv03l/4h3h6z4u4ymYz7bbEH/A7l2oQNlOF/0YEqz6+PiZ+Af/eRjv03l/4h3h6z4u4ymYz7bbEH/A7l2oQNlOF/0YEqz6+PiZ+Af/eRjv03l/4h3h6z4u4ymYz7bbEH/A7l2oQNlOF/0YEqz6+PiZ+Af/eRjv03l/4h3h6z4u4ymYz7bbEH/A7l2oQNlOF/0YEqz6+PiZ+Af/eRjv03l/4h3h6z4u4ymYz7bbEH/A7l2oQNlOF/0YEqz6+PiZ+Af/eRjv03l/4h3h6z4u4ymYz7bbEH/A7l2oQNlOF/0YEqz6+PiZ+Af/eRjv03l/4h3h6z4u4ymYz7bbEH/A7l2oQNlOF/0YEqz6+PiZ+Af/eRjv03l/4h3h6z4u4ymYz7bbEH/A7l2oQNlOF/0YEqz6+PiZ+Af/eRjv03l/4h3h6z4u4ymYz7bbEH/A7l2oQNlOF/0YEqz6+PiZ+Af/eRjv03l/4h3h6z4u4ymYz7bbEH/A7l2oQNlOF/0YEqz6+PiZ+Af/eRjv03l/4h3h6z4u4ymYz7bbEH/A7l2oQNlOF/0YEqz6+PiZ+Af/eRjv03l/4h3h6z4u4ymYz7bbEH/A7l2oQNlOF/0YEqz6+PiZ+Af/eRjv03l/4h3h6z4u4ymYz7bbEH/A7l2oQNlOF/0YEqz6+PiZ+Af/eRjv03l/4h3h6z4u4ymYz7bbEH/A7l2oQNlOF/0YEqz6+PiZ+Af/eRjv03l/4h3h6z4u4ymYz7bbEH/A7l2oQNlOF/0YEqz6+PiZ+Af/eRjv03l/4h3h6z4u4ymYz7bbEH/A7l2oQNlOF/0YEqz6+PiZ+Af/eRjv03l/4h3h6z4u4ymYz7bbEH/A7l2oQNlOF/0YEqz6+PiZ+Af/eRjv03l/4h3h6z4u4ymYz7bbEH/A7l2oQNlOF/0YEqz6+PiZ+Af/eRjv03l/4h3h6z4u4ymYz7bbEH/A7l2oQNlOF/0YEqz6+PiZ+Af/eRjv03l/4h3h6z4u4ymYz7bbEH/A7l2oQNlOF/0YEqz6+PiZ+Af/eRjv03l/4h3h6z4u4ymYz7bbEH/A7l2oQNlOF/0YEqz6+PiZ+Af/eRjv03l/4h3h6z4u4ymYz7bbEH/A7l2oQNlOF/0YEqz6+PiZ+Af/eRjv03l/4h3h6z4u4ymYz7bbEH/A7l2oQNlOF/0YEqz6+PiZ+Af/eRjv03l/4h3h6z4u4ymYz7bbEH/A7l2oQNlOF/0YEqz6+PiZ+Af/eRjv03l/4h3h6z4u4ymYz7bbEH/A7l2oQNlOF/0YEqz6+PiZ+Af/eRjv03l/4h3h6z4u4ymYz7bbEH/A7l2oQNlOF/0YEqz6+PiZ+Af/eRjv03l/4h3h6z4u4ymYz7bbEH/A7l2oQNlOF/0YEqz6+PiZ+Af/eRjv03l/4h3h6z4u4ymYz7bbEH/A7l2oQNlOF/0YEqz6+PiZ+Af/eRjv03l/4h3h6z4u4ymYz7bbEH/A7l2oQNlOF/0YEqz6+PiZ+Af/eRjv03l/4h3h6z4u4ymYz7bbEH/A7l2oQNlOF/0YEqz6+PiZ+Af/eRjv03l/4h3h6z4u4ymYz7bbEH/A7l2oQNlOF/0YEqz6+PiZ+Af/eRjv03l/4h3h6z4u4ymYz7bbEH/A7l2oQNlOF/0YEqz6+PiZ+Af/eRjv03l/4h3h6z4u4ymYz7bbEH/A7l2oQNlOF/0YEqz6+PiZ+Af/eRjv03l/4h3h6z4u4ymYz7bbEH/A7l2oQNlOF/0YEqz6+PiZ+Af/eRjv03l/4h3h6z4u4ymYz7bbEH/A7l2oQNlOF/0YEqz6+PiZ+Af/eRjv03l/4h3h6z4u4ymYz7bbEH/A7l2oQNlOF/0YEqz6+PiZ+Af/eRjv03l/4h3h6z4u4ymYz7bbEH/A7l2oQNlOF/0YEqz6+PiZ+Af/eRjv03l/4h3h6z4u4ymYz7bbEH/A7l2oQNlOF/0YEqz6+PiZ+Af/eRjv03l/4h3h6z4u4ymYz7bbEH/A7l2oQNlOF/0YEqz6+PiZ+Af/eRjv03l/4h3h6z4u4ymYz7bbEH/A7l2oQNlOF/0YEqz6+PiZ+Af/eRjv03l/4h3h6z4u4ymYz7bbEH/A7l2oQNlOF/0YEqz6+PiZ+Af/eRjv03l/4h3h6z4u4ymYz7bbEH/A7l2oQNlOF/0YEqz6+PiZ+Af/eRjv03l/4h3h6z4u4ymYz7bbEH/A7l2oQNlOF/0YEqz6+PiZ+Af/eRjv03l/4h3h6z4u4ymYz7bbEH/A7l2oQNlOF/0YEqz6+PiZ+Af/eRjv03l/4h3h6z4u4ymYz7bbEH/A7l2oQNlOF/0YEqz6+PiZ+Af/eRjv03l/4h3h6z4u4ymYz7bbEH/A7l2oQNlOF/0YEqz6+PiZ+Af/eRjv03l/4h3h6z4u4ymYz7bbEH/A7l2oQNlOF/0YEqz6+PiZ+Af/eRjv03l/4h3h6z4u4ymYz7bbEH/A7l2oQNlOF/0YEqz6+PiZ+Af/eRjv03l/4h3h6z4u4ymYz7bbEH/A7l2oQNlOF/0YEqz6+PiZ+Af/eRjv03l/4h3h6z4u4ymYz7bbEH/A7l2oQNlOF/0YEqz6+PiZ+Af/eRjv03l/4h3h6z4u4ymYz7bbEH/A7l2oQNlOF/0YEqz6+PiZ+Af/eRjv03l/4h3h6z4u4ymYz7bbEH/A7l2oQNlOF/0YEqz6+PiZ+Af/eRjv03l/4h3h6z4u4ymYz7bbEH/A7l2oQNlOF/0YEqz6+PiZ+Af/eRjv03l/4h3h6z4u4ymYz7bbEH/A7l2oQNlOF/0YEqz6+PiZ+Af/eRjv03l/4h3h6z4u4ymYz7bbEH/A7l2oQNlOF/0YEqz6+PiZ+Af/eRjv03l/4h3h6z4u4ymYz7bbEH/A7l2oQNlOF/0YEqz6+PiZ+Af/eRjv03l/4h3h6z4u4ymYz7bbEH/A7l2oQNlOF/0YEqz6+PiZ+Af/eRjv03l/4h3h6z4u4ymYz7bbEH/A7l2oQNlOF/0YEqz6+PiZ+Af/eRjv03l/4h3h6z4u4ymYz7bbEH/A7l2oQNlOF/0YEqz6+PiZ+Af/eRjv03l/4h3h6z4u4ymYz7bbEH/A7l2oQNlOF/0YEqz6+PiZ+Af/eRjv03l/4h3h6z4u4ymYz7bbEH/A7l2oQNlOF/0YEqz6+PiZ+Af/eRjv03l/4h3h6z4u4ymYz7bbEH/A7l2oQNlOF/0YEqz6+PiZ+Af/eRjv03l/4h3h6z4u4ymYz7bbEH/A7l2oQNlOF/0YEqz6+PiZ+Af/eRjv03l/4h3h6z4u4ymYz7bbEH/A7l2oQNlOF/0YEqz6+PiZ+Af/eRjv03l/4h3h6z4u4ymYz7bbEH/A7l2oQNlOF/0YEqz6+PiZ+Af/eRjv03l/4h3h6z4u4ymYz7bbEH/A7l2oQNlOF/0YEqz6+PiZ+Af/eRjv03l/4h3h6z4u4ymYz7bbEH/A7l2oQNlOF/0YEqz6+PiZ+Af/eRjv03l/4h3h6z4u4my7bbEH/A7l2oQNlOF/0YEqz6+PiZ+Af/eRjv03l/4h3h6z4u4ymYz7bbEH/A7l2oQNlOF/0YEqz6+PiZ+Af/eRjv03l/4h3h6z4u4ymYz7bbEH/A7l2oQNlOF/0YEqz6+PiZ+Af/eRjv03l/4h3h6z4u4ymYz7bbEH/A7l2oQNlOF/0YEqz6+PiZ+Af/eRjv03l/4h3h6z4u4ymYz7bbEH/A7l2oQNlOF/0YEqz6+PiZ+Af/eRjv03l/4h3h6z4u4ymYz7bbEH/A7l2oQNlOF/0YEqz6+PiZ+Af/eRjv03l/4h3h6z4u4ymYz7bbEH/A7l2oQNlOF/0YEqz6+PiZ+Af/eRjv03l/4h3h6z4u4ymYz7bbEH/A7l2oQNlOF/0YEqz6+PiZ+Af/eRjv03l/4h3h6z4u4ymYz7bbEH/A7l2oQNlOF/0YEqz6+PiZ+Af/eRjv03l/4h3h6z4u4ymYz7bbEH/A7l2oQNlOF/0YEqz6+PiZ+Af/eRjv03l/4h3h6z4u4ymYz7bbEH/A7l2oQNlOF/0YEqz6+PiZ+Af/eRjv03l/4h3h6z4u4ymYz7bbEH/A7l2oQNlOF/0YEqz6+PiZ+Af/eRjv03l/4h3h6z4u4ymYz7bbEH/A7l2oQNlOF/0YEqz6+PiZ+Af/eRjv03l/4h3h6z4u4ymYz7bbEH/A7l2oQNlOF/0YEqz6+PiZ+Af/eRjv03l/4h3h6z4u4ymYz7bbEH/A7l2oQNlOF/0YEqz6+PiZ+Af/eRjv03l/4h3h6z4u4ymYz7bbEH/A7l2oQNlOF/0YEqz6+PiZ+Af/eRjv03l/4h3h6z4u4ymYz7bbEH/A7l2oQNlOF/0YEqz6+PiZ+Af/eRjv03l/4h3h6z4u4ymYz7bbEH/A7l2oQNlOF/0YEqz6+PiZ+Af/eRjv03l/4h3h6z4u4ymYz7bbEH/A7l2oQNlOF/0YEqz6+PiZ+Af/eRjv03l/4h3h6z4u4ymYz7bbEH/A7l2oQNlOF/0YEqz6+PiZ+Af/eRjv03l/4h3h6z4u4ymYz7bbEH/A7l2oQNlOF/0YEqz6+PiZ+Af/eRjv03l/4h3h6z4u4ymYz7bbEH/A7l2oQNlOF/0YEqz6+PiZ+Af/eRjv03l/4h3h6z4u4ymYz7bbEH/A7l2oQNlOF/0YEqz6+PiZ+Af/eRjv03l/4h3h6z4u4ymYz7bbEH/A7l2oQNlOF/0YEqz6+PiZ+Af/eRjv03l/4h3h6z4u4ymYz7bbEH/A7l2oQNlOF/0YEqz6+PiZ+Af/eRjv03l/4h3h6z4u4ymYz7bbEH/A7l2oQNlOF/0YEqz6+PiZ+Af/eRjv03l/4h3h6z4u4ymYz7bbEH/A7l2oQNlOF/0YEqz6+PiZ+Af/eRjv03l/4h3h6z4u4ymYz7bbEH/A7l2oQNlOF/0YEqz6+PiZ+Af/eRjv03l/4h3h6z4u4ymYz7bbEH/A7l2oQNlOF/0YEqz6+PiZ+Af/eRjv03l/4h3h6z4u4ymYz7bbEH/A7l2oQNlOF/0YEqz6+PiZ+Af/eRjv03l/4h3h6z4u4ymYz7bbEH/A7l2oQNlOF/0YEqz6+PiZ+Af/eRjv03l/4h3h6z4u4ymYz7bbEH/A7l2oQNlOF/0YEqz6+PiZ+Af/eRjv03l/4h3h6z4u4ymYz7bbEH/A7l2oQNlOF/0YEqz6+PiZ+Af/eRjv03l/4h3h6z4u4ymYz7bbEH/A7l2oQNlOF/0YEqz6+PiZ+Af/eRjv03l/4h3h6z4u4ymYz7bbEH/A7l2oQNlOF/0YEqz6+PiZ+Af/eRjv03l/4h3h6z4u4ymYz7bbEH/A7l2oQNlOF/0YEqz6+PiZ+Af/eRjv03l/4h3h6z4u4ymYz7bbEH/A7l2oQNlOF/0YEqz6+PiZ+Af/eRjv03l/4h3h6z4u4ymYz7bbEH/A7l2oQNlOF/0YEqz6+PiZ+Af/eRjv03l/4h3h6z4u4ymYz7bbEH/A7l2oQNlOF/0YEqz6+PiZ+Af/eRjv03l/4h3h6z4u4ymYz7bbEH/A7l2oQNlOF/0YEqz6+PiZ+Af/eRjv03l/4h3h6z4u4ymYz7bbEH/A7l2oQNlOF/0YEqz6+PiZ+Af/eRjv03l/4h3h6z4u4ymYz7bbEH/A7l2oQNlOF/0YEqz6+PiZ+Af/eRjv03l/4h3h6z4u4ymYz7bbEH/A7l2oQNlOF/0YEqz6+PiZ+Af/eRjv03l/4h3h6z4u4ymYz7bbEH/A7l2oQNlOF/0YEqz6+PiZ+Af/eRjv03l/4h3h6z4u4ymYz7bbEH/A7l2oQNlOF/0YEqz6+PiZ+Af/eRjv03l/4h3h6z4u4ymYz7bbEH/A7l2oQNlOF/0YEqz6+PiZ+Af/eRjv03l/4h3h6z4u4ymYz7bbEH/A7l2oQNlOF/0YEqz6+PiZ+Af/eRjv03l/4h3h6z4u4ymYz7bbEH/A7l2oQNlOF/0YEqz6+PiZ+Af/eRjv03l/4h3h6z4u4ymYz7bbEH/A7l2oQNlOF/0YEqz6+PiZ+Af/eRjv03l/4h3h6z4u4ymYz7bbEH/A7l2oQNlOF/0YEqz6+PiZ+Af/eRjv03l/4h3h6z4u4ymYz7bbEH/A7l2oQNlOF/0YEqz6+PiZ+Af/eRjv03l/4h3h6z4u4ymYz7bbEH/A7l2oQNlOF/0YEqz6+PiZ+Af/eRjv03l/4h3h6z4u4ymYz7bbEH/A7l2oQNlOF/0YEqz6+PiZ+Af/eRjv03l/4h3h6z4u4ymYz7bbEH/A7l2oQNlOF/0YEqz6+PiZ+Af/eRjv03l/4h3h6z4u4ymYz7bbEH/A7l2oQNlOF/0YEqz6+PiZ+Af/eRjv03l/4h3h6z4u4ymYz7bbEH/A7l2oQNlOF/0YEqz6+PiZ+Af/eRjv03l/4h3h6z4u4ymYz7bbEH/A7l2oQNlOF/0YEqz6+PiZ+Af/eRjv03l/4h3h6z4u4ymYz7bbEH/A7l2oQNlOF/0YEqz6+PiZ+Af/eRjv03l/4h3h6z4u4ymYz7bbEH/A7l2oQNlOF/0YEqz6+PiZ+Af/eRjv03l/4h3h6z4u4ymYz7bbEH/A7l2oQNlOF/0YEqz6+PiZ+Af/eRjv03l/4h3h6z4u4ymYz7bbEH/A7l2oQNlOF/0YEqz6+PiZ+Af/eRjv03l/4h3h6z4u4ymYz7bbEH/A7l2oQNlOF/0YEqz6+PiZ+Af/eRjv03l/4h3h6z4u4ymYz7bbEH/A7l2oQNlOF/0YEqz6+PiZ+Af/eRjv03l/4h3h6z4u4ymYz7bbEH/A7l2oQNlOF/0YEqz6+PiZ+Af/eRjv03l/4h3h6z4u4ymYz7bbEH/A7l2oQNlOF/0YEqz6+PiZ+Af/eRjv03l/4h3h6z4u4ymYz7bbEH/A7l2oQNlOF/0YEqz6+PiZ+Af/eRjv03l/4h3h6z4u4ymYz7bbEH/A7l2oQNlOF/0YEqz6+PiZ+Af/eRjv03l/4h3h6z4u4ymYz7bbEH/A7l2oQNlOF/0YEqz6+PiZ+Af/eRjv03l/4h3h6z4u4ymYz7bbEH/A7l2oQNlOF/0YEqz6+PiZ+Af/eRjv03l/4h3h6z4u4ymYz7bbEH/A7l2oQNlOF/0YEqz6+PiZ+Af/eRjv03l/4h3h6z4u4ymYz7bbEH/A7l2oQNlOF/0YEqz6+PiZ+Af/eRjv03l/4h3h6z4u4ymYz7bbEH/A7l2oQNlOF/0YEqz6+PiZ+Af/eRjv03l/4h3h6z4u4ymYz7bbEH/A7l2oQNlOF/0YEqz6+PiZ+Af/eRjv03l/4h3h6z4u4ymYz7bbEH/A7l2oQNlOF/0YEqz6+PiZ+Af/eRjv03l/4h3h6z4u4ymYz7bbEH/A7l2oQNlOF/0YEqz6+PiZ+Af/eRjv03l/4h3h6z4u4ymYz7bbEH/A7l2oQNlOF/0YEqz6+PiZ+Af/eRjv03l/4h3h6z4u4ymYz7bbEH/A7l2oQNlOF/0YEqz6+PiZ+Af/eRjv03l/4h3h6z4u4ymYz7bbEH/A7l2oQNlOF/0YEqz6+PiZ+Af/eRjv03l/4h3h6z4u4ymYz7bbEH/A7l2oQNlOF/0YEqz6+PiZ+Af/eRjv03l/4h3h6z4u4ymYz7bbEH/A7l2oQNlOF/0YEqz6+PiZ+Af/eRjv03l/4h3h6z4u4ymYz7bbEH/A7l2oQNlOF/0YEqz6+PiZ+Af/eRjv03l/4h3h6z4u4ymYz7bbEH/A7l2oQNlOF/0YEqz6+PiZ+Af/eRjv03l/4h3h6z4u4ymYz7bbEH/A7l2oQNlOF/0YEqz6+PiZ+Af/eRjv03l/4h3h6z4u4ymYz7bbEH/A7l2oQNlOF/0YEqz6+PiZ+Af/eRjv03l/4h3h6z4u4ymYz7bbEH/A7l2oQNlOF/0YEqz6+PiZ+Af/eRjv03l/4h3h6z4u4ymYz7bbEH/A7l2oQNlOF/0YEqz6+PiZ+Af/eRjv03l/4h3h6z4u4ymYz7bbEH/A7l2oQNlOF/0YEqz6+PiZ+Af/eRjv03l/4h3h6z4u4ymYz7bbEH/A7l2oQNlOF/0YEqz6+PiZ+Af/eRjv03l/4h3h6z4u4ymYz7bbEH/A7l2oQNlOF/0YEqz6+PiZ+Af/eRjv03l/4h3h6z4u4ymYz7bbEH/A7l2oQNlOF/0YEqz6+PiZ+Af/eRjv03l/4h3h6z4u4ymYz7bbEH/A7l2oQNlOF/0YEqz6+PiZ+Af/eRjv03l/4h3h6z4u4ymYz7bbEH/A7l2oQNlOF/0YEqz6+PiZ+Af/eRjv03l/4h3h6z4u4ymYz7bbEH/A7l2oQNlOF/0YEqz6+PiZ+Af/eRjv03l/4h3h6z4u4ymYz7bbEH/A7l2oQNlOF/0YEqz6+PiZ+Af/eRjv03l/4h3h6z4u4ymYz7bbEH/A7l2oQNlOF/0YEqz6+PiZ+Af/eRjv03l/4h3h6z4u4ymYz7bbEH/A7l2oQNlOF/0YEqz6+PiZ+Af/eRjv03l/4h3h6z4u4ymYz7bbEH/A7l2oQNlOF/0YEqz6+PiZ+Af/eRjv03l/4h3h6z4u4ymYz7bbEH/A7l2oQNlOF/0YEqz6+PiZ+Af/eRjv03l/4h3h6z4u4ymYz7bbEH/A7l2oQNlOF/0YEqz6+PiZ+Af/eRjv03l/4h3h6z4u4ymYz7bbEH/A7l2oQNlOF/0YEqz6+PiZ+Af/eRjv03l/4h3h6z4u4ymYz7bbEH/A7l2oQNlOF/0YEqz6+PiZ+Af/eRjv03l/4h3h6z4u4ymYz7bbEH/A7l2oQNlOF/0YEqz6+PiZ+Af/eRjv03l/4h3h6z4u4ymYz7bbEH/A7l2oQNlOF/0YEqz6+PiZ+Af/eRjv03l/4h3h6z4u4ymYz7bbEH/A7l2oQNlOF/0YEqz6